
Microsoft Visual Studio Solution File, Format Version 12.00
# Visual Studio Version 17
VisualStudioVersion = 17.3.32901.215
MinimumVisualStudioVersion = 10.0.40219.1
Project("{9A19103F-16F7-4668-BE54-9A1E7A4F7556}") = "QueroJobsWEB", "QueroJobsWEB\QueroJobsWEB.csproj", "{3378335D-3E72-4897-815F-5AC98B025462}"
EndProject
Project("{9A19103F-16F7-4668-BE54-9A1E7A4F7556}") = "Core", "Core\Core.csproj", "{F81DD06A-6F07-46DD-87BB-06DFDBFD5494}"
EndProject
Project("{9A19103F-16F7-4668-BE54-9A1E7A4F7556}") = "Services", "Services\Services.csproj", "{1E81CCF0-5D67-4369-929E-F3A687FBD40C}"
EndProject
Project("{FAE04EC0-301F-11D3-BF4B-00C04F79EFBC}") = "ServicesTests", "ServicesTests\ServicesTests.csproj", "{841E170C-0BE5-4B05-B6FA-CA1C67CEE0F8}"
EndProject
Project("{FAE04EC0-301F-11D3-BF4B-00C04F79EFBC}") = "QueroJobsWEBTests", "QueroJobsWEBTests\QueroJobsWEBTests.csproj", "{F84FF587-8D87-4CFA-BDB0-CDF2A34FC485}"
EndProject
Global
	GlobalSection(SolutionConfigurationPlatforms) = preSolution
		Debug|Any CPU = Debug|Any CPU
		Release|Any CPU = Release|Any CPU
	EndGlobalSection
	GlobalSection(ProjectConfigurationPlatforms) = postSolution
		{3378335D-3E72-4897-815F-5AC98B025462}.Debug|Any CPU.ActiveCfg = Debug|Any CPU
		{3378335D-3E72-4897-815F-5AC98B025462}.Debug|Any CPU.Build.0 = Debug|Any CPU
		{3378335D-3E72-4897-815F-5AC98B025462}.Release|Any CPU.ActiveCfg = Release|Any CPU
		{3378335D-3E72-4897-815F-5AC98B025462}.Release|Any CPU.Build.0 = Release|Any CPU
		{F81DD06A-6F07-46DD-87BB-06DFDBFD5494}.Debug|Any CPU.ActiveCfg = Debug|Any CPU
		{F81DD06A-6F07-46DD-87BB-06DFDBFD5494}.Debug|Any CPU.Build.0 = Debug|Any CPU
		{F81DD06A-6F07-46DD-87BB-06DFDBFD5494}.Release|Any CPU.ActiveCfg = Release|Any CPU
		{F81DD06A-6F07-46DD-87BB-06DFDBFD5494}.Release|Any CPU.Build.0 = Release|Any CPU
		{1E81CCF0-5D67-4369-929E-F3A687FBD40C}.Debug|Any CPU.ActiveCfg = Debug|Any CPU
		{1E81CCF0-5D67-4369-929E-F3A687FBD40C}.Debug|Any CPU.Build.0 = Debug|Any CPU
		{1E81CCF0-5D67-4369-929E-F3A687FBD40C}.Release|Any CPU.ActiveCfg = Release|Any CPU
		{1E81CCF0-5D67-4369-929E-F3A687FBD40C}.Release|Any CPU.Build.0 = Release|Any CPU
		{841E170C-0BE5-4B05-B6FA-CA1C67CEE0F8}.Debug|Any CPU.ActiveCfg = Debug|Any CPU
		{841E170C-0BE5-4B05-B6FA-CA1C67CEE0F8}.Debug|Any CPU.Build.0 = Debug|Any CPU
		{841E170C-0BE5-4B05-B6FA-CA1C67CEE0F8}.Release|Any CPU.ActiveCfg = Release|Any CPU
		{841E170C-0BE5-4B05-B6FA-CA1C67CEE0F8}.Release|Any CPU.Build.0 = Release|Any CPU
		{F84FF587-8D87-4CFA-BDB0-CDF2A34FC485}.Debug|Any CPU.ActiveCfg = Debug|Any CPU
		{F84FF587-8D87-4CFA-BDB0-CDF2A34FC485}.Debug|Any CPU.Build.0 = Debug|Any CPU
		{F84FF587-8D87-4CFA-BDB0-CDF2A34FC485}.Release|Any CPU.ActiveCfg = Release|Any CPU
		{F84FF587-8D87-4CFA-BDB0-CDF2A34FC485}.Release|Any CPU.Build.0 = Release|Any CPU
	EndGlobalSection
	GlobalSection(SolutionProperties) = preSolution
		HideSolutionNode = FALSE
	EndGlobalSection
	GlobalSection(ExtensibilityGlobals) = postSolution
		SolutionGuid = {E5F89158-C25A-4D2D-AD53-1BFF1B3FA4F8}
	EndGlobalSection
EndGlobal
